
Microsoft Visual Studio Solution File, Format Version 12.00
# Visual Studio 15
VisualStudioVersion = 15.0.28307.489
MinimumVisualStudioVersion = 10.0.40219.1
Project("{FAE04EC0-301F-11D3-BF4B-00C04F79EFBC}") = "ControleRobot", "ControleRobot.csproj", "{C2DA4E4D-3704-49CE-B24D-EF71EDE76993}"
EndProject
Global
	GlobalSection(SolutionConfigurationPlatforms) = preSolution
		Debug|Any CPU = Debug|Any CPU
		Release|Any CPU = Release|Any CPU
	EndGlobalSection
	GlobalSection(ProjectConfigurationPlatforms) = postSolution
		{C2DA4E4D-3704-49CE-B24D-EF71EDE76993}.Debug|Any CPU.ActiveCfg = Debug|Any CPU
		{C2DA4E4D-3704-49CE-B24D-EF71EDE76993}.Debug|Any CPU.Build.0 = Debug|Any CPU
		{C2DA4E4D-3704-49CE-B24D-EF71EDE76993}.Release|Any CPU.ActiveCfg = Release|Any CPU
		{C2DA4E4D-3704-49CE-B24D-EF71EDE76993}.Release|Any CPU.Build.0 = Release|Any CPU
	EndGlobalSection
	GlobalSection(SolutionProperties) = preSolution
		HideSolutionNode = FALSE
	EndGlobalSection
	GlobalSection(ExtensibilityGlobals) = postSolution
		SolutionGuid = {E808CD5C-8018-40EB-B1FD-9A4E40C69F70}
	EndGlobalSection
EndGlobal
